
Microsoft Visual Studio Solution File, Format Version 12.00
# Visual Studio Version 16
VisualStudioVersion = 16.0.31019.35
MinimumVisualStudioVersion = 10.0.40219.1
Project("{FAE04EC0-301F-11D3-BF4B-00C04F79EFBC}") = "OLUJUKOLKO", "OLUJUKOLKO.csproj", "{CFC549F8-B34D-4175-92FF-74482914221A}"
EndProject
Global
	GlobalSection(SolutionConfigurationPlatforms) = preSolution
		Debug|Any CPU = Debug|Any CPU
		Release|Any CPU = Release|Any CPU
	EndGlobalSection
	GlobalSection(ProjectConfigurationPlatforms) = postSolution
		{CFC549F8-B34D-4175-92FF-74482914221A}.Debug|Any CPU.ActiveCfg = Debug|Any CPU
		{CFC549F8-B34D-4175-92FF-74482914221A}.Debug|Any CPU.Build.0 = Debug|Any CPU
		{CFC549F8-B34D-4175-92FF-74482914221A}.Release|Any CPU.ActiveCfg = Release|Any CPU
		{CFC549F8-B34D-4175-92FF-74482914221A}.Release|Any CPU.Build.0 = Release|Any CPU
	EndGlobalSection
	GlobalSection(SolutionProperties) = preSolution
		HideSolutionNode = FALSE
	EndGlobalSection
	GlobalSection(ExtensibilityGlobals) = postSolution
		SolutionGuid = {46C0A1BA-9FBC-46BC-B763-BAD5EB64D41F}
	EndGlobalSection
EndGlobal
